<?xml version="1.0" encoding="utf-8"?>
<Project ToolsVersion="4.0" xmlns="http://schemas.microsoft.com/developer/msbuild/2003">
  <ItemGroup>
    <Filter Include="Source Files">
      <UniqueIdentifier>{4FC737F1-C7A5-4376-A066-2A32D752A2FF}</UniqueIdentifier>
      <Extensions>cpp;c;cc;cxx;c++;cppm;ixx;def;odl;idl;hpj;bat;asm;asmx</Extensions>
    </Filter>
    <Filter Include="Header Files">
      <UniqueIdentifier>{93995380-89BD-4b04-88EB-625FBE52EBFB}</UniqueIdentifier>
      <Extensions>h;hh;hpp;hxx;h++;hm;inl;inc;ipp;xsd</Extensions>
    </Filter>
    <Filter Include="examples">
      <UniqueIdentifier>{fb0c8272-a766-4cff-8fdf-53f577b9524a}</UniqueIdentifier>
    </Filter>
    <Filter Include="input">
      <UniqueIdentifier>{9b6ddcc1-bc27-4133-b9a9-5cfdcd2aa5e2}</UniqueIdentifier>
    </Filter>
    <Filter Include="days">
      <UniqueIdentifier>{59858e55-b7fe-4191-80cf-a87b9463ef26}</UniqueIdentifier>
    </Filter>
  </ItemGroup>
  <ItemGroup>
    <ClCompile Include="main.cpp">
      <Filter>Source Files</Filter>
    </ClCompile>
    <ClCompile Include="Tokenizer.cpp">
      <Filter>Source Files</Filter>
    </ClCompile>
    <ClCompile Include="Parser.cpp">
      <Filter>Source Files</Filter>
    </ClCompile>
    <ClCompile Include="PrintHelper.cpp">
      <Filter>Source Files</Filter>
    </ClCompile>
  </ItemGroup>
  <ItemGroup>
    <ClInclude Include="Tokenizer.h">
      <Filter>Header Files</Filter>
    </ClInclude>
    <ClInclude Include="Parser.h">
      <Filter>Header Files</Filter>
    </ClInclude>
    <ClInclude Include="PrintHelper.h">
      <Filter>Header Files</Filter>
    </ClInclude>
  </ItemGroup>
  <ItemGroup>
    <None Include="..\README.md" />
    <None Include="examples\example1.aoc">
      <Filter>examples</Filter>
    </None>
    <None Include="examples\example2.aoc">
      <Filter>examples</Filter>
    </None>
    <None Include="examples\example3.aoc">
      <Filter>examples</Filter>
    </None>
    <None Include="examples\example4.aoc">
      <Filter>examples</Filter>
    </None>
    <None Include="examples\example5.aoc">
      <Filter>examples</Filter>
    </None>
    <None Include="examples\example6.aoc">
      <Filter>examples</Filter>
    </None>
    <None Include="examples\example7.aoc">
      <Filter>examples</Filter>
    </None>
    <None Include="examples\example8.aoc">
      <Filter>examples</Filter>
    </None>
    <None Include="days\day1.aoc">
      <Filter>days</Filter>
    </None>
    <None Include="days\day1b.aoc">
      <Filter>days</Filter>
    </None>
    <None Include="days\day2.aoc">
      <Filter>days</Filter>
    </None>
    <None Include="days\day2b.aoc">
      <Filter>days</Filter>
    </None>
    <None Include="days\day3.aoc">
      <Filter>days</Filter>
    </None>
    <None Include="days\day3b.aoc">
      <Filter>days</Filter>
    </None>
  </ItemGroup>
  <ItemGroup>
    <Text Include="input\2024_Day1.txt">
      <Filter>input</Filter>
    </Text>
    <Text Include="input\2024_Day2.txt">
      <Filter>input</Filter>
    </Text>
    <Text Include="input\2024_Day3.txt">
      <Filter>input</Filter>
    </Text>
  </ItemGroup>
</Project>